PODS:
  - Alamofire (4.5.0)
  - GoogleMaps (2.3.1):
    - GoogleMaps/Maps (= 2.3.1)
  - GoogleMaps/Base (2.3.1)
  - GoogleMaps/Maps (2.3.1):
    - GoogleMaps/Base
  - SDWebImage (3.8.2):
    - SDWebImage/Core (= 3.8.2)
  - SDWebImage/Core (3.8.2)

DEPENDENCIES:
  - Alamofire (~> 4.3)
  - GoogleMaps
  - SDWebImage (~> 3.8)

SPEC CHECKSUMS:
  Alamofire: f28cdffd29de33a7bfa022cbd63ae95a27fae140
  GoogleMaps: c66a71058b9b1294bcdd5463a68e357fa50c079f
  SDWebImage: 098e97e6176540799c27e804c96653ee0833d13c

PODFILE CHECKSUM: 164511b148a3b99fad5097a556b88b402ef9f333

COCOAPODS: 1.2.1
